// !$*UTF8*$!
{
	archiveVersion = 1;
	classes = {
	};
	objectVersion = 50;
	objects = {

/* Begin PBXBuildFile section */
		16F8A1D8D50F30A34902BB56 /* libPods-物流进度demo.a in Frameworks */ = {isa = PBXBuildFile; fileRef = A084AE24D0E5771B41F34006 /* libPods-物流进度demo.a */; };
		802AED87215CCD9000567A6C /* AppDelegate.m in Sources */ = {isa = PBXBuildFile; fileRef = 802AED86215CCD9000567A6C /* AppDelegate.m */; };
		802AED8A215CCD9000567A6C /* ViewController.m in Sources */ = {isa = PBXBuildFile; fileRef = 802AED89215CCD9000567A6C /* ViewController.m */; };
		802AED8D215CCD9000567A6C /* Main.storyboard in Resources */ = {isa = PBXBuildFile; fileRef = 802AED8B215CCD9000567A6C /* Main.storyboard */; };
		802AED8F215CCD9300567A6C /* Assets.xcassets in Resources */ = {isa = PBXBuildFile; fileRef = 802AED8E215CCD9300567A6C /* Assets.xcassets */; };
		802AED92215CCD9300567A6C /* LaunchScreen.storyboard in Resources */ = {isa = PBXBuildFile; fileRef = 802AED90215CCD9300567A6C /* LaunchScreen.storyboard */; };
		802AED95215CCD9300567A6C /* main.m in Sources */ = {isa = PBXBuildFile; fileRef = 802AED94215CCD9300567A6C /* main.m */; };
		802AED9F215CCD9300567A6C /* ____demoTests.m in Sources */ = {isa = PBXBuildFile; fileRef = 802AED9E215CCD9300567A6C /* ____demoTests.m */; };
		802AEDAA215CCD9300567A6C /* ____demoUITests.m in Sources */ = {isa = PBXBuildFile; fileRef = 802AEDA9215CCD9300567A6C /* ____demoUITests.m */; };
		802AEDBA215CCE5F00567A6C /* DCGisticsView.m in Sources */ = {isa = PBXBuildFile; fileRef = 802AEDB9215CCE5F00567A6C /* DCGisticsView.m */; };
		802AEDBD215CCE9900567A6C /* DCGisticsCell.m in Sources */ = {isa = PBXBuildFile; fileRef = 802AEDBC215CCE9900567A6C /* DCGisticsCell.m */; };
		802AEDC0215CCEFC00567A6C /* UIView+Extension.m in Sources */ = {isa = PBXBuildFile; fileRef = 802AEDBE215CCEFC00567A6C /* UIView+Extension.m */; };
		802AEDE2215CDB3C00567A6C /* DCGisticsModel.m in Sources */ = {isa = PBXBuildFile; fileRef = 802AEDC2215CCF6D00567A6C /* DCGisticsModel.m */; };
/* End PBXBuildFile section */

/* Begin PBXContainerItemProxy section */
		802AED9B215CCD9300567A6C /* PBXContainerItemProxy */ = {
			isa = PBXContainerItemProxy;
			containerPortal = 802AED7A215CCD9000567A6C /* Project object */;
			proxyType = 1;
			remoteGlobalIDString = 802AED81215CCD9000567A6C;
			remoteInfo = "物流进度demo";
		};
		802AEDA6215CCD9300567A6C /* PBXContainerItemProxy */ = {
			isa = PBXContainerItemProxy;
			containerPortal = 802AED7A215CCD9000567A6C /* Project object */;
			proxyType = 1;
			remoteGlobalIDString = 802AED81215CCD9000567A6C;
			remoteInfo = "物流进度demo";
		};
/* End PBXContainerItemProxy section */

/* Begin PBXFileReference section */
		71D70853643FBE9CB8DD36B3 /* Pods-物流进度demo.release.xcconfig */ = {isa = PBXFileReference; includeInIndex = 1; lastKnownFileType = text.xcconfig; name = "Pods-物流进度demo.release.xcconfig"; path = "Pods/Target Support Files/Pods-物流进度demo/Pods-物流进度demo.release.xcconfig"; sourceTree = "<group>"; };
		802AED82215CCD9000567A6C /* 物流进度demo.app */ = {isa = PBXFileReference; explicitFileType = wrapper.application; includeInIndex = 0; path = "物流进度demo.app"; sourceTree = BUILT_PRODUCTS_DIR; };
		802AED85215CCD9000567A6C /* AppDelegate.h */ = {isa = PBXFileReference; lastKnownFileType = sourcecode.c.h; path = AppDelegate.h; sourceTree = "<group>"; };
		802AED86215CCD9000567A6C /* AppDelegate.m */ = {isa = PBXFileReference; lastKnownFileType = sourcecode.c.objc; path = AppDelegate.m; sourceTree = "<group>"; };
		802AED88215CCD9000567A6C /* ViewController.h */ = {isa = PBXFileReference; lastKnownFileType = sourcecode.c.h; path = ViewController.h; sourceTree = "<group>"; };
		802AED89215CCD9000567A6C /* ViewController.m */ = {isa = PBXFileReference; lastKnownFileType = sourcecode.c.objc; path = ViewController.m; sourceTree = "<group>"; };
		802AED8C215CCD9000567A6C /* Base */ = {isa = PBXFileReference; lastKnownFileType = file.storyboard; name = Base; path = Base.lproj/Main.storyboard; sourceTree = "<group>"; };
		802AED8E215CCD9300567A6C /* Assets.xcassets */ = {isa = PBXFileReference; lastKnownFileType = folder.assetcatalog; path = Assets.xcassets; sourceTree = "<group>"; };
		802AED91215CCD9300567A6C /* Base */ = {isa = PBXFileReference; lastKnownFileType = file.storyboard; name = Base; path = Base.lproj/LaunchScreen.storyboard; sourceTree = "<group>"; };
		802AED93215CCD9300567A6C /* Info.plist */ = {isa = PBXFileReference; lastKnownFileType = text.plist.xml; path = Info.plist; sourceTree = "<group>"; };
		802AED94215CCD9300567A6C /* main.m */ = {isa = PBXFileReference; lastKnownFileType = sourcecode.c.objc; path = main.m; sourceTree = "<group>"; };
		802AED9A215CCD9300567A6C /* 物流进度demoTests.xctest */ = {isa = PBXFileReference; explicitFileType = wrapper.cfbundle; includeInIndex = 0; path = "物流进度demoTests.xctest"; sourceTree = BUILT_PRODUCTS_DIR; };
		802AED9E215CCD9300567A6C /* ____demoTests.m */ = {isa = PBXFileReference; lastKnownFileType = sourcecode.c.objc; path = "____demoTests.m"; sourceTree = "<group>"; };
		802AEDA0215CCD9300567A6C /* Info.plist */ = {isa = PBXFileReference; lastKnownFileType = text.plist.xml; path = Info.plist; sourceTree = "<group>"; };
		802AEDA5215CCD9300567A6C /* 物流进度demoUITests.xctest */ = {isa = PBXFileReference; explicitFileType = wrapper.cfbundle; includeInIndex = 0; path = "物流进度demoUITests.xctest"; sourceTree = BUILT_PRODUCTS_DIR; };
		802AEDA9215CCD9300567A6C /* ____demoUITests.m */ = {isa = PBXFileReference; lastKnownFileType = sourcecode.c.objc; path = "____demoUITests.m"; sourceTree = "<group>"; };
		802AEDAB215CCD9300567A6C /* Info.plist */ = {isa = PBXFileReference; lastKnownFileType = text.plist.xml; path = Info.plist; sourceTree = "<group>"; };
		802AEDB7215CCDB100567A6C /* PrefixHeader.pch */ = {isa = PBXFileReference; lastKnownFileType = sourcecode.c.h; path = PrefixHeader.pch; sourceTree = "<group>"; };
		802AEDB8215CCE5F00567A6C /* DCGisticsView.h */ = {isa = PBXFileReference; lastKnownFileType = sourcecode.c.h; path = DCGisticsView.h; sourceTree = "<group>"; };
		802AEDB9215CCE5F00567A6C /* DCGisticsView.m */ = {isa = PBXFileReference; lastKnownFileType = sourcecode.c.objc; path = DCGisticsView.m; sourceTree = "<group>"; };
		802AEDBB215CCE9900567A6C /* DCGisticsCell.h */ = {isa = PBXFileReference; lastKnownFileType = sourcecode.c.h; path = DCGisticsCell.h; sourceTree = "<group>"; };
		802AEDBC215CCE9900567A6C /* DCGisticsCell.m */ = {isa = PBXFileReference; lastKnownFileType = sourcecode.c.objc; path = DCGisticsCell.m; sourceTree = "<group>"; };
		802AEDBE215CCEFC00567A6C /* UIView+Extension.m */ = {isa = PBXFileReference; fileEncoding = 4; lastKnownFileType = sourcecode.c.objc; path = "UIView+Extension.m"; sourceTree = "<group>"; };
		802AEDBF215CCEFC00567A6C /* UIView+Extension.h */ = {isa = PBXFileReference; fileEncoding = 4; lastKnownFileType = sourcecode.c.h; path = "UIView+Extension.h"; sourceTree = "<group>"; };
		802AEDC1215CCF6D00567A6C /* DCGisticsModel.h */ = {isa = PBXFileReference; lastKnownFileType = sourcecode.c.h; path = DCGisticsModel.h; sourceTree = "<group>"; };
		802AEDC2215CCF6D00567A6C /* DCGisticsModel.m */ = {isa = PBXFileReference; lastKnownFileType = sourcecode.c.objc; path = DCGisticsModel.m; sourceTree = "<group>"; };
		9430AE51A62D256ED7DF68CE /* Pods-物流进度demo.debug.xcconfig */ = {isa = PBXFileReference; includeInIndex = 1; lastKnownFileType = text.xcconfig; name = "Pods-物流进度demo.debug.xcconfig"; path = "Pods/Target Support Files/Pods-物流进度demo/Pods-物流进度demo.debug.xcconfig"; sourceTree = "<group>"; };
		A084AE24D0E5771B41F34006 /* libPods-物流进度demo.a */ = {isa = PBXFileReference; explicitFileType = archive.ar; includeInIndex = 0; path = "libPods-物流进度demo.a"; sourceTree = BUILT_PRODUCTS_DIR; };
/* End PBXFileReference section */

/* Begin PBXFrameworksBuildPhase section */
		802AED7F215CCD9000567A6C /* Frameworks */ = {
			isa = PBXFrameworksBuildPhase;
			buildActionMask = 2147483647;
			files = (
				16F8A1D8D50F30A34902BB56 /* libPods-物流进度demo.a in Frameworks */,
			);
			runOnlyForDeploymentPostprocessing = 0;
		};
		802AED97215CCD9300567A6C /* Frameworks */ = {
			isa = PBXFrameworksBuildPhase;
			buildActionMask = 2147483647;
			files = (
			);
			runOnlyForDeploymentPostprocessing = 0;
		};
		802AEDA2215CCD9300567A6C /* Frameworks */ = {
			isa = PBXFrameworksBuildPhase;
			buildActionMask = 2147483647;
			files = (
			);
			runOnlyForDeploymentPostprocessing = 0;
		};
/* End PBXFrameworksBuildPhase section */

/* Begin PBXGroup section */
		802AED79215CCD9000567A6C = {
			isa = PBXGroup;
			children = (
				802AED84215CCD9000567A6C /* 物流进度demo */,
				802AED9D215CCD9300567A6C /* 物流进度demoTests */,
				802AEDA8215CCD9300567A6C /* 物流进度demoUITests */,
				802AED83215CCD9000567A6C /* Products */,
				AA9E3D30A326BB94E76AF4F8 /* Pods */,
				92A14943949C0E42F263FCCE /* Frameworks */,
			);
			sourceTree = "<group>";
		};
		802AED83215CCD9000567A6C /* Products */ = {
			isa = PBXGroup;
			children = (
				802AED82215CCD9000567A6C /* 物流进度demo.app */,
				802AED9A215CCD9300567A6C /* 物流进度demoTests.xctest */,
				802AEDA5215CCD9300567A6C /* 物流进度demoUITests.xctest */,
			);
			name = Products;
			sourceTree = "<group>";
		};
		802AED84215CCD9000567A6C /* 物流进度demo */ = {
			isa = PBXGroup;
			children = (
				802AED85215CCD9000567A6C /* AppDelegate.h */,
				802AED86215CCD9000567A6C /* AppDelegate.m */,
				802AED88215CCD9000567A6C /* ViewController.h */,
				802AED89215CCD9000567A6C /* ViewController.m */,
				802AEDE1215CD8A000567A6C /* Gistics */,
				802AEDBF215CCEFC00567A6C /* UIView+Extension.h */,
				802AEDBE215CCEFC00567A6C /* UIView+Extension.m */,
				802AED8B215CCD9000567A6C /* Main.storyboard */,
				802AED8E215CCD9300567A6C /* Assets.xcassets */,
				802AED90215CCD9300567A6C /* LaunchScreen.storyboard */,
				802AED93215CCD9300567A6C /* Info.plist */,
				802AED94215CCD9300567A6C /* main.m */,
				802AEDB7215CCDB100567A6C /* PrefixHeader.pch */,
			);
			path = "物流进度demo";
			sourceTree = "<group>";
		};
		802AED9D215CCD9300567A6C /* 物流进度demoTests */ = {
			isa = PBXGroup;
			children = (
				802AED9E215CCD9300567A6C /* ____demoTests.m */,
				802AEDA0215CCD9300567A6C /* Info.plist */,
			);
			path = "物流进度demoTests";
			sourceTree = "<group>";
		};
		802AEDA8215CCD9300567A6C /* 物流进度demoUITests */ = {
			isa = PBXGroup;
			children = (
				802AEDA9215CCD9300567A6C /* ____demoUITests.m */,
				802AEDAB215CCD9300567A6C /* Info.plist */,
			);
			path = "物流进度demoUITests";
			sourceTree = "<group>";
		};
		802AEDE1215CD8A000567A6C /* Gistics */ = {
			isa = PBXGroup;
			children = (
				802AEDB8215CCE5F00567A6C /* DCGisticsView.h */,
				802AEDB9215CCE5F00567A6C /* DCGisticsView.m */,
				802AEDBB215CCE9900567A6C /* DCGisticsCell.h */,
				802AEDBC215CCE9900567A6C /* DCGisticsCell.m */,
				802AEDC1215CCF6D00567A6C /* DCGisticsModel.h */,
				802AEDC2215CCF6D00567A6C /* DCGisticsModel.m */,
			);
			path = Gistics;
			sourceTree = "<group>";
		};
		92A14943949C0E42F263FCCE /* Frameworks */ = {
			isa = PBXGroup;
			children = (
				A084AE24D0E5771B41F34006 /* libPods-物流进度demo.a */,
			);
			name = Frameworks;
			sourceTree = "<group>";
		};
		AA9E3D30A326BB94E76AF4F8 /* Pods */ = {
			isa = PBXGroup;
			children = (
				9430AE51A62D256ED7DF68CE /* Pods-物流进度demo.debug.xcconfig */,
				71D70853643FBE9CB8DD36B3 /* Pods-物流进度demo.release.xcconfig */,
			);
			name = Pods;
			sourceTree = "<group>";
		};
/* End PBXGroup section */

/* Begin PBXNativeTarget section */
		802AED81215CCD9000567A6C /* 物流进度demo */ = {
			isa = PBXNativeTarget;
			buildConfigurationList = 802AEDAE215CCD9300567A6C /* Build configuration list for PBXNativeTarget "物流进度demo" */;
			buildPhases = (
				FAB6DCC14E9C8B0C0A05CA96 /* [CP] Check Pods Manifest.lock */,
				802AED7E215CCD9000567A6C /* Sources */,
				802AED7F215CCD9000567A6C /* Frameworks */,
				802AED80215CCD9000567A6C /* Resources */,
			);
			buildRules = (
			);
			dependencies = (
			);
			name = "物流进度demo";
			productName = "物流进度demo";
			productReference = 802AED82215CCD9000567A6C /* 物流进度demo.app */;
			productType = "com.apple.product-type.application";
		};
		802AED99215CCD9300567A6C /* 物流进度demoTests */ = {
			isa = PBXNativeTarget;
			buildConfigurationList = 802AEDB1215CCD9300567A6C /* Build configuration list for PBXNativeTarget "物流进度demoTests" */;
			buildPhases = (
				802AED96215CCD9300567A6C /* Sources */,
				802AED97215CCD9300567A6C /* Frameworks */,
				802AED98215CCD9300567A6C /* Resources */,
			);
			buildRules = (
			);
			dependencies = (
				802AED9C215CCD9300567A6C /* PBXTargetDependency */,
			);
			name = "物流进度demoTests";
			productName = "物流进度demoTests";
			productReference = 802AED9A215CCD9300567A6C /* 物流进度demoTests.xctest */;
			productType = "com.apple.product-type.bundle.unit-test";
		};
		802AEDA4215CCD9300567A6C /* 物流进度demoUITests */ = {
			isa = PBXNativeTarget;
			buildConfigurationList = 802AEDB4215CCD9300567A6C /* Build configuration list for PBXNativeTarget "物流进度demoUITests" */;
			buildPhases = (
				802AEDA1215CCD9300567A6C /* Sources */,
				802AEDA2215CCD9300567A6C /* Frameworks */,
				802AEDA3215CCD9300567A6C /* Resources */,
			);
			buildRules = (
			);
			dependencies = (
				802AEDA7215CCD9300567A6C /* PBXTargetDependency */,
			);
			name = "物流进度demoUITests";
			productName = "物流进度demoUITests";
			productReference = 802AEDA5215CCD9300567A6C /* 物流进度demoUITests.xctest */;
			productType = "com.apple.product-type.bundle.ui-testing";
		};
/* End PBXNativeTarget section */

/* Begin PBXProject section */
		802AED7A215CCD9000567A6C /* Project object */ = {
			isa = PBXProject;
			attributes = {
				LastUpgradeCheck = 1000;
				ORGANIZATIONNAME = "中都格罗唯视";
				TargetAttributes = {
					802AED81215CCD9000567A6C = {
						CreatedOnToolsVersion = 10.0;
					};
					802AED99215CCD9300567A6C = {
						CreatedOnToolsVersion = 10.0;
						TestTargetID = 802AED81215CCD9000567A6C;
					};
					802AEDA4215CCD9300567A6C = {
						CreatedOnToolsVersion = 10.0;
						TestTargetID = 802AED81215CCD9000567A6C;
					};
				};
			};
			buildConfigurationList = 802AED7D215CCD9000567A6C /* Build configuration list for PBXProject "物流进度demo" */;
			compatibilityVersion = "Xcode 9.3";
			developmentRegion = en;
			hasScannedForEncodings = 0;
			knownRegions = (
				en,
				Base,
			);
			mainGroup = 802AED79215CCD9000567A6C;
			productRefGroup = 802AED83215CCD9000567A6C /* Products */;
			projectDirPath = "";
			projectRoot = "";
			targets = (
				802AED81215CCD9000567A6C /* 物流进度demo */,
				802AED99215CCD9300567A6C /* 物流进度demoTests */,
				802AEDA4215CCD9300567A6C /* 物流进度demoUITests */,
			);
		};
/* End PBXProject section */

/* Begin PBXResourcesBuildPhase section */
		802AED80215CCD9000567A6C /* Resources */ = {
			isa = PBXResourcesBuildPhase;
			buildActionMask = 2147483647;
			files = (
				802AED92215CCD9300567A6C /* LaunchScreen.storyboard in Resources */,
				802AED8F215CCD9300567A6C /* Assets.xcassets in Resources */,
				802AED8D215CCD9000567A6C /* Main.storyboard in Resources */,
			);
			runOnlyForDeploymentPostprocessing = 0;
		};
		802AED98215CCD9300567A6C /* Resources */ = {
			isa = PBXResourcesBuildPhase;
			buildActionMask = 2147483647;
			files = (
			);
			runOnlyForDeploymentPostprocessing = 0;
		};
		802AEDA3215CCD9300567A6C /* Resources */ = {
			isa = PBXResourcesBuildPhase;
			buildActionMask = 2147483647;
			files = (
			);
			runOnlyForDeploymentPostprocessing = 0;
		};
/* End PBXResourcesBuildPhase section */

/* Begin PBXShellScriptBuildPhase section */
		FAB6DCC14E9C8B0C0A05CA96 /* [CP] Check Pods Manifest.lock */ = {
			isa = PBXShellScriptBuildPhase;
			buildActionMask = 2147483647;
			files = (
			);
			inputPaths = (
				"${PODS_PODFILE_DIR_PATH}/Podfile.lock",
				"${PODS_ROOT}/Manifest.lock",
			);
			name = "[CP] Check Pods Manifest.lock";
			outputPaths = (
				"$(DERIVED_FILE_DIR)/Pods-物流进度demo-checkManifestLockResult.txt",
			);
			runOnlyForDeploymentPostprocessing = 0;
			shellPath = /bin/sh;
			shellScript = "diff \"${PODS_PODFILE_DIR_PATH}/Podfile.lock\" \"${PODS_ROOT}/Manifest.lock\" > /dev/null\nif [ $? != 0 ] ; then\n    # print error to STDERR\n    echo \"error: The sandbox is not in sync with the Podfile.lock. Run 'pod install' or update your CocoaPods installation.\" >&2\n    exit 1\nfi\n# This output is used by Xcode 'outputs' to avoid re-running this script phase.\necho \"SUCCESS\" > \"${SCRIPT_OUTPUT_FILE_0}\"\n";
			showEnvVarsInLog = 0;
		};
/* End PBXShellScriptBuildPhase section */

/* Begin PBXSourcesBuildPhase section */
		802AED7E215CCD9000567A6C /* Sources */ = {
			isa = PBXSourcesBuildPhase;
			buildActionMask = 2147483647;
			files = (
				802AEDE2215CDB3C00567A6C /* DCGisticsModel.m in Sources */,
				802AEDC0215CCEFC00567A6C /* UIView+Extension.m in Sources */,
				802AED8A215CCD9000567A6C /* ViewController.m in Sources */,
				802AED95215CCD9300567A6C /* main.m in Sources */,
				802AEDBD215CCE9900567A6C /* DCGisticsCell.m in Sources */,
				802AEDBA215CCE5F00567A6C /* DCGisticsView.m in Sources */,
				802AED87215CCD9000567A6C /* AppDelegate.m in Sources */,
			);
			runOnlyForDeploymentPostprocessing = 0;
		};
		802AED96215CCD9300567A6C /* Sources */ = {
			isa = PBXSourcesBuildPhase;
			buildActionMask = 2147483647;
			files = (
				802AED9F215CCD9300567A6C /* ____demoTests.m in Sources */,
			);
			runOnlyForDeploymentPostprocessing = 0;
		};
		802AEDA1215CCD9300567A6C /* Sources */ = {
			isa = PBXSourcesBuildPhase;
			buildActionMask = 2147483647;
			files = (
				802AEDAA215CCD9300567A6C /* ____demoUITests.m in Sources */,
			);
			runOnlyForDeploymentPostprocessing = 0;
		};
/* End PBXSourcesBuildPhase section */

/* Begin PBXTargetDependency section */
		802AED9C215CCD9300567A6C /* PBXTargetDependency */ = {
			isa = PBXTargetDependency;
			target = 802AED81215CCD9000567A6C /* 物流进度demo */;
			targetProxy = 802AED9B215CCD9300567A6C /* PBXContainerItemProxy */;
		};
		802AEDA7215CCD9300567A6C /* PBXTargetDependency */ = {
			isa = PBXTargetDependency;
			target = 802AED81215CCD9000567A6C /* 物流进度demo */;
			targetProxy = 802AEDA6215CCD9300567A6C /* PBXContainerItemProxy */;
		};
/* End PBXTargetDependency section */

/* Begin PBXVariantGroup section */
		802AED8B215CCD9000567A6C /* Main.storyboard */ = {
			isa = PBXVariantGroup;
			children = (
				802AED8C215CCD9000567A6C /* Base */,
			);
			name = Main.storyboard;
			sourceTree = "<group>";
		};
		802AED90215CCD9300567A6C /* LaunchScreen.storyboard */ = {
			isa = PBXVariantGroup;
			children = (
				802AED91215CCD9300567A6C /* Base */,
			);
			name = LaunchScreen.storyboard;
			sourceTree = "<group>";
		};
/* End PBXVariantGroup section */

/* Begin XCBuildConfiguration section */
		802AEDAC215CCD9300567A6C /* Debug */ = {
			isa = XCBuildConfiguration;
			buildSettings = {
				ALWAYS_SEARCH_USER_PATHS = NO;
				CLANG_ANALYZER_NONNULL = YES;
				CLANG_ANALYZER_NUMBER_OBJECT_CONVERSION = YES_AGGRESSIVE;
				CLANG_CXX_LANGUAGE_STANDARD = "gnu++14";
				CLANG_CXX_LIBRARY = "libc++";
				CLANG_ENABLE_MODULES = YES;
				CLANG_ENABLE_OBJC_ARC = YES;
				CLANG_ENABLE_OBJC_WEAK = YES;
				CLANG_WARN_BLOCK_CAPTURE_AUTORELEASING = YES;
				CLANG_WARN_BOOL_CONVERSION = YES;
				CLANG_WARN_COMMA = YES;
				CLANG_WARN_CONSTANT_CONVERSION = YES;
				CLANG_WARN_DEPRECATED_OBJC_IMPLEMENTATIONS = YES;
				CLANG_WARN_DIRECT_OBJC_ISA_USAGE = YES_ERROR;
				CLANG_WARN_DOCUMENTATION_COMMENTS = YES;
				CLANG_WARN_EMPTY_BODY = YES;
				CLANG_WARN_ENUM_CONVERSION = YES;
				CLANG_WARN_INFINITE_RECURSION = YES;
				CLANG_WARN_INT_CONVERSION = YES;
				CLANG_WARN_NON_LITERAL_NULL_CONVERSION = YES;
				CLANG_WARN_OBJC_IMPLICIT_RETAIN_SELF = YES;
				CLANG_WARN_OBJC_LITERAL_CONVERSION = YES;
				CLANG_WARN_OBJC_ROOT_CLASS = YES_ERROR;
				CLANG_WARN_RANGE_LOOP_ANALYSIS = YES;
				CLANG_WARN_STRICT_PROTOTYPES = YES;
				CLANG_WARN_SUSPICIOUS_MOVE = YES;
				CLANG_WARN_UNGUARDED_AVAILABILITY = YES_AGGRESSIVE;
				CLANG_WARN_UNREACHABLE_CODE = YES;
				CLANG_WARN__DUPLICATE_METHOD_MATCH = YES;
				CODE_SIGN_IDENTITY = "iPhone Developer";
				COPY_PHASE_STRIP = NO;
				DEBUG_INFORMATION_FORMAT = dwarf;
				ENABLE_STRICT_OBJC_MSGSEND = YES;
				ENABLE_TESTABILITY = YES;
				GCC_C_LANGUAGE_STANDARD = gnu11;
				GCC_DYNAMIC_NO_PIC = NO;
				GCC_NO_COMMON_BLOCKS = YES;
				GCC_OPTIMIZATION_LEVEL = 0;
				GCC_PREPROCESSOR_DEFINITIONS = (
					"DEBUG=1",
					"$(inherited)",
				);
				GCC_WARN_64_TO_32_BIT_CONVERSION = YES;
				GCC_WARN_ABOUT_RETURN_TYPE = YES_ERROR;
				GCC_WARN_UNDECLARED_SELECTOR = YES;
				GCC_WARN_UNINITIALIZED_AUTOS = YES_AGGRESSIVE;
				GCC_WARN_UNUSED_FUNCTION = YES;
				GCC_WARN_UNUSED_VARIABLE = YES;
				IPHONEOS_DEPLOYMENT_TARGET = 12.0;
				MTL_ENABLE_DEBUG_INFO = INCLUDE_SOURCE;
				MTL_FAST_MATH = YES;
				ONLY_ACTIVE_ARCH = YES;
				SDKROOT = iphoneos;
			};
			name = Debug;
		};
		802AEDAD215CCD9300567A6C /* Release */ = {
			isa = XCBuildConfiguration;
			buildSettings = {
				ALWAYS_SEARCH_USER_PATHS = NO;
				CLANG_ANALYZER_NONNULL = YES;
				CLANG_ANALYZER_NUMBER_OBJECT_CONVERSION = YES_AGGRESSIVE;
				CLANG_CXX_LANGUAGE_STANDARD = "gnu++14";
				CLANG_CXX_LIBRARY = "libc++";
				CLANG_ENABLE_MODULES = YES;
				CLANG_ENABLE_OBJC_ARC = YES;
				CLANG_ENABLE_OBJC_WEAK = YES;
				CLANG_WARN_BLOCK_CAPTURE_AUTORELEASING = YES;
				CLANG_WARN_BOOL_CONVERSION = YES;
				CLANG_WARN_COMMA = YES;
				CLANG_WARN_CONSTANT_CONVERSION = YES;
				CLANG_WARN_DEPRECATED_OBJC_IMPLEMENTATIONS = YES;
				CLANG_WARN_DIRECT_OBJC_ISA_USAGE = YES_ERROR;
				CLANG_WARN_DOCUMENTATION_COMMENTS = YES;
				CLANG_WARN_EMPTY_BODY = YES;
				CLANG_WARN_ENUM_CONVERSION = YES;
				CLANG_WARN_INFINITE_RECURSION = YES;
				CLANG_WARN_INT_CONVERSION = YES;
				CLANG_WARN_NON_LITERAL_NULL_CONVERSION = YES;
				CLANG_WARN_OBJC_IMPLICIT_RETAIN_SELF = YES;
				CLANG_WARN_OBJC_LITERAL_CONVERSION = YES;
				CLANG_WARN_OBJC_ROOT_CLASS = YES_ERROR;
				CLANG_WARN_RANGE_LOOP_ANALYSIS = YES;
				CLANG_WARN_STRICT_PROTOTYPES = YES;
				CLANG_WARN_SUSPICIOUS_MOVE = YES;
				CLANG_WARN_UNGUARDED_AVAILABILITY = YES_AGGRESSIVE;
				CLANG_WARN_UNREACHABLE_CODE = YES;
				CLANG_WARN__DUPLICATE_METHOD_MATCH = YES;
				CODE_SIGN_IDENTITY = "iPhone Developer";
				COPY_PHASE_STRIP = NO;
				DEBUG_INFORMATION_FORMAT = "dwarf-with-dsym";
				ENABLE_NS_ASSERTIONS = NO;
				ENABLE_STRICT_OBJC_MSGSEND = YES;
				GCC_C_LANGUAGE_STANDARD = gnu11;
				GCC_NO_COMMON_BLOCKS = YES;
				GCC_WARN_64_TO_32_BIT_CONVERSION = YES;
				GCC_WARN_ABOUT_RETURN_TYPE = YES_ERROR;
				GCC_WARN_UNDECLARED_SELECTOR = YES;
				GCC_WARN_UNINITIALIZED_AUTOS = YES_AGGRESSIVE;
				GCC_WARN_UNUSED_FUNCTION = YES;
				GCC_WARN_UNUSED_VARIABLE = YES;
				IPHONEOS_DEPLOYMENT_TARGET = 12.0;
				MTL_ENABLE_DEBUG_INFO = NO;
				MTL_FAST_MATH = YES;
				SDKROOT = iphoneos;
				VALIDATE_PRODUCT = YES;
			};
			name = Release;
		};
		802AEDAF215CCD9300567A6C /* Debug */ = {
			isa = XCBuildConfiguration;
			baseConfigurationReference = 9430AE51A62D256ED7DF68CE /* Pods-物流进度demo.debug.xcconfig */;
			buildSettings = {
				ASSETCATALOG_COMPILER_APPICON_NAME = AppIcon;
				CODE_SIGN_STYLE = Automatic;
				DEVELOPMENT_TEAM = M73FT4GVKP;
				GCC_PREFIX_HEADER = "$(SRCROOT)/物流进度demo/PrefixHeader.pch";
				INFOPLIST_FILE = "物流进度demo/Info.plist";
				LD_RUNPATH_SEARCH_PATHS = (
					"$(inherited)",
					"@executable_path/Frameworks",
				);
				PRODUCT_BUNDLE_IDENTIFIER = "cn.com.hyundai.----demo";
				PRODUCT_NAME = "$(TARGET_NAME)";
				TARGETED_DEVICE_FAMILY = "1,2";
			};
			name = Debug;
		};
		802AEDB0215CCD9300567A6C /* Release */ = {
			isa = XCBuildConfiguration;
			baseConfigurationReference = 71D70853643FBE9CB8DD36B3 /* Pods-物流进度demo.release.xcconfig */;
			buildSettings = {
				ASSETCATALOG_COMPILER_APPICON_NAME = AppIcon;
				CODE_SIGN_STYLE = Automatic;
				DEVELOPMENT_TEAM = M73FT4GVKP;
				GCC_PREFIX_HEADER = "$(SRCROOT)/物流进度demo/PrefixHeader.pch";
				INFOPLIST_FILE = "物流进度demo/Info.plist";
				LD_RUNPATH_SEARCH_PATHS = (
					"$(inherited)",
					"@executable_path/Frameworks",
				);
				PRODUCT_BUNDLE_IDENTIFIER = "cn.com.hyundai.----demo";
				PRODUCT_NAME = "$(TARGET_NAME)";
				TARGETED_DEVICE_FAMILY = "1,2";
			};
			name = Release;
		};
		802AEDB2215CCD9300567A6C /* Debug */ = {
			isa = XCBuildConfiguration;
			buildSettings = {
				BUNDLE_LOADER = "$(TEST_HOST)";
				CODE_SIGN_STYLE = Automatic;
				DEVELOPMENT_TEAM = M73FT4GVKP;
				INFOPLIST_FILE = "物流进度demoTests/Info.plist";
				LD_RUNPATH_SEARCH_PATHS = (
					"$(inherited)",
					"@executable_path/Frameworks",
					"@loader_path/Frameworks",
				);
				PRODUCT_BUNDLE_IDENTIFIER = "cn.com.hyundai.----demoTests";
				PRODUCT_NAME = "$(TARGET_NAME)";
				TARGETED_DEVICE_FAMILY = "1,2";
				TEST_HOST = "$(BUILT_PRODUCTS_DIR)/物流进度demo.app/物流进度demo";
			};
			name = Debug;
		};
		802AEDB3215CCD9300567A6C /* Release */ = {
			isa = XCBuildConfiguration;
			buildSettings = {
				BUNDLE_LOADER = "$(TEST_HOST)";
				CODE_SIGN_STYLE = Automatic;
				DEVELOPMENT_TEAM = M73FT4GVKP;
				INFOPLIST_FILE = "物流进度demoTests/Info.plist";
				LD_RUNPATH_SEARCH_PATHS = (
					"$(inherited)",
					"@executable_path/Frameworks",
					"@loader_path/Frameworks",
				);
				PRODUCT_BUNDLE_IDENTIFIER = "cn.com.hyundai.----demoTests";
				PRODUCT_NAME = "$(TARGET_NAME)";
				TARGETED_DEVICE_FAMILY = "1,2";
				TEST_HOST = "$(BUILT_PRODUCTS_DIR)/物流进度demo.app/物流进度demo";
			};
			name = Release;
		};
		802AEDB5215CCD9300567A6C /* Debug */ = {
			isa = XCBuildConfiguration;
			buildSettings = {
				CODE_SIGN_STYLE = Automatic;
				DEVELOPMENT_TEAM = M73FT4GVKP;
				INFOPLIST_FILE = "物流进度demoUITests/Info.plist";
				LD_RUNPATH_SEARCH_PATHS = (
					"$(inherited)",
					"@executable_path/Frameworks",
					"@loader_path/Frameworks",
				);
				PRODUCT_BUNDLE_IDENTIFIER = "cn.com.hyundai.----demoUITests";
				PRODUCT_NAME = "$(TARGET_NAME)";
				TARGETED_DEVICE_FAMILY = "1,2";
				TEST_TARGET_NAME = "物流进度demo";
			};
			name = Debug;
		};
		802AEDB6215CCD9300567A6C /* Release */ = {
			isa = XCBuildConfiguration;
			buildSettings = {
				CODE_SIGN_STYLE = Automatic;
				DEVELOPMENT_TEAM = M73FT4GVKP;
				INFOPLIST_FILE = "物流进度demoUITests/Info.plist";
				LD_RUNPATH_SEARCH_PATHS = (
					"$(inherited)",
					"@executable_path/Frameworks",
					"@loader_path/Frameworks",
				);
				PRODUCT_BUNDLE_IDENTIFIER = "cn.com.hyundai.----demoUITests";
				PRODUCT_NAME = "$(TARGET_NAME)";
				TARGETED_DEVICE_FAMILY = "1,2";
				TEST_TARGET_NAME = "物流进度demo";
			};
			name = Release;
		};
/* End XCBuildConfiguration section */

/* Begin XCConfigurationList section */
		802AED7D215CCD9000567A6C /* Build configuration list for PBXProject "物流进度demo" */ = {
			isa = XCConfigurationList;
			buildConfigurations = (
				802AEDAC215CCD9300567A6C /* Debug */,
				802AEDAD215CCD9300567A6C /* Release */,
			);
			defaultConfigurationIsVisible = 0;
			defaultConfigurationName = Release;
		};
		802AEDAE215CCD9300567A6C /* Build configuration list for PBXNativeTarget "物流进度demo" */ = {
			isa = XCConfigurationList;
			buildConfigurations = (
				802AEDAF215CCD9300567A6C /* Debug */,
				802AEDB0215CCD9300567A6C /* Release */,
			);
			defaultConfigurationIsVisible = 0;
			defaultConfigurationName = Release;
		};
		802AEDB1215CCD9300567A6C /* Build configuration list for PBXNativeTarget "物流进度demoTests" */ = {
			isa = XCConfigurationList;
			buildConfigurations = (
				802AEDB2215CCD9300567A6C /* Debug */,
				802AEDB3215CCD9300567A6C /* Release */,
			);
			defaultConfigurationIsVisible = 0;
			defaultConfigurationName = Release;
		};
		802AEDB4215CCD9300567A6C /* Build configuration list for PBXNativeTarget "物流进度demoUITests" */ = {
			isa = XCConfigurationList;
			buildConfigurations = (
				802AEDB5215CCD9300567A6C /* Debug */,
				802AEDB6215CCD9300567A6C /* Release */,
			);
			defaultConfigurationIsVisible = 0;
			defaultConfigurationName = Release;
		};
/* End XCConfigurationList section */
	};
	rootObject = 802AED7A215CCD9000567A6C /* Project object */;
}
